
Microsoft Visual Studio Solution File, Format Version 12.00
# Visual Studio 14
VisualStudioVersion = 14.0.23107.0
MinimumVisualStudioVersion = 10.0.40219.1
Project("{FAE04EC0-301F-11D3-BF4B-00C04F79EFBC}") = "GrammaticalPictureGeneration", "GrammaticalPictureGeneration\GrammaticalPictureGeneration.csproj", "{C1905A70-5F5C-4E94-8758-B67542CDC933}"
EndProject
Project("{FAE04EC0-301F-11D3-BF4B-00C04F79EFBC}") = "GrammarLib", "GrammarLib\GrammarLib.csproj", "{2F6901B4-CC9E-472D-8647-78AD7DB7F0B7}"
EndProject
Project("{FAE04EC0-301F-11D3-BF4B-00C04F79EFBC}") = "Playground", "Playground\Playground.csproj", "{0A05704E-5E98-4A96-84A1-33F9AD71EE1F}"
EndProject
Global
	GlobalSection(SolutionConfigurationPlatforms) = preSolution
		Debug|Any CPU = Debug|Any CPU
		Release|Any CPU = Release|Any CPU
	EndGlobalSection
	GlobalSection(ProjectConfigurationPlatforms) = postSolution
		{C1905A70-5F5C-4E94-8758-B67542CDC933}.Debug|Any CPU.ActiveCfg = Debug|Any CPU
		{C1905A70-5F5C-4E94-8758-B67542CDC933}.Debug|Any CPU.Build.0 = Debug|Any CPU
		{C1905A70-5F5C-4E94-8758-B67542CDC933}.Release|Any CPU.ActiveCfg = Release|Any CPU
		{C1905A70-5F5C-4E94-8758-B67542CDC933}.Release|Any CPU.Build.0 = Release|Any CPU
		{2F6901B4-CC9E-472D-8647-78AD7DB7F0B7}.Debug|Any CPU.ActiveCfg = Debug|Any CPU
		{2F6901B4-CC9E-472D-8647-78AD7DB7F0B7}.Debug|Any CPU.Build.0 = Debug|Any CPU
		{2F6901B4-CC9E-472D-8647-78AD7DB7F0B7}.Release|Any CPU.ActiveCfg = Release|Any CPU
		{2F6901B4-CC9E-472D-8647-78AD7DB7F0B7}.Release|Any CPU.Build.0 = Release|Any CPU
		{0A05704E-5E98-4A96-84A1-33F9AD71EE1F}.Debug|Any CPU.ActiveCfg = Debug|Any CPU
		{0A05704E-5E98-4A96-84A1-33F9AD71EE1F}.Debug|Any CPU.Build.0 = Debug|Any CPU
		{0A05704E-5E98-4A96-84A1-33F9AD71EE1F}.Release|Any CPU.ActiveCfg = Release|Any CPU
		{0A05704E-5E98-4A96-84A1-33F9AD71EE1F}.Release|Any CPU.Build.0 = Release|Any CPU
	EndGlobalSection
	GlobalSection(SolutionProperties) = preSolution
		HideSolutionNode = FALSE
	EndGlobalSection
EndGlobal
